{
  "version": 4,
  "terraform_version": "1.14.3",
  "serial": 15,
  "lineage": "526f4fb7-97a2-370b-be7b-59c6f272b234",
  "outputs": {
    "dkr_media_0_vm_id": {
      "value": 4030,
      "type": "number"
    },
    "dkr_media_0_vm_ip": {
      "value": "10.0.40.30/24",
      "type": "string"
    }
  },
  "resources": [
    {
      "mode": "data",
      "type": "cloudflare_zone",
      "name": "media_zone",
      "provider": "provider[\"registry.terraform.io/cloudflare/cloudflare\"]",
      "instances": [
        {
          "schema_version": 0,
          "attributes": {
            "account_id": "1443fe12026b33d56dcc26a9deed0667",
            "id": "40dcc32616278a009af79b33c7d3cf55",
            "name": "krapulax.dev",
            "name_servers": [
              "lee.ns.cloudflare.com",
              "tani.ns.cloudflare.com"
            ],
            "paused": false,
            "plan": "Free Website",
            "status": "active",
            "vanity_name_servers": [],
            "zone_id": "40dcc32616278a009af79b33c7d3cf55"
          },
          "sensitive_attributes": [],
          "identity_schema_version": 0
        }
      ]
    },
    {
      "mode": "managed",
      "type": "cloudflare_record",
      "name": "wildcard",
      "provider": "provider[\"registry.terraform.io/cloudflare/cloudflare\"]",
      "instances": [
        {
          "schema_version": 3,
          "attributes": {
            "allow_overwrite": false,
            "comment": "",
            "content": null,
            "created_on": "2026-01-03T11:24:17.039608Z",
            "data": [],
            "hostname": "*.krapulax.dev",
            "id": "b5299c691f1b6fc95a7094fbc04033ea",
            "metadata": {},
            "modified_on": "2026-01-03T11:24:17.039608Z",
            "name": "*",
            "priority": null,
            "proxiable": true,
            "proxied": true,
            "tags": null,
            "timeouts": null,
            "ttl": 1,
            "type": "CNAME",
            "value": "f94c1b35-c14a-4982-8ea4-95a6665cedb8.cfargotunnel.com",
            "zone_id": "40dcc32616278a009af79b33c7d3cf55"
          },
          "sensitive_attributes": [],
          "identity_schema_version": 0,
          "private": "eyJlMmJmYjczMC1lY2FhLTExZTYtOGY4OC0zNDM2M2JjN2M0YzAiOnsiY3JlYXRlIjozMDAwMDAwMDAwMCwidXBkYXRlIjozMDAwMDAwMDAwMH0sInNjaGVtYV92ZXJzaW9uIjoiMyJ9",
          "dependencies": [
            "cloudflare_zero_trust_tunnel_cloudflared.media_tunnel",
            "data.cloudflare_zone.media_zone",
            "random_password.tunnel_secret"
          ]
        }
      ]
    },
    {
      "mode": "managed",
      "type": "cloudflare_zero_trust_access_application",
      "name": "media_app",
      "provider": "provider[\"registry.terraform.io/cloudflare/cloudflare\"]",
      "instances": [
        {
          "schema_version": 0,
          "attributes": {
            "account_id": "1443fe12026b33d56dcc26a9deed0667",
            "allow_authenticate_via_warp": false,
            "allowed_idps": null,
            "app_launcher_logo_url": "",
            "app_launcher_visible": true,
            "aud": "e3520553f8b0277adbccfc7fcc2b637153319e690e47478665d7902821984ebd",
            "auto_redirect_to_identity": false,
            "bg_color": "",
            "cors_headers": [],
            "custom_deny_message": "",
            "custom_deny_url": "",
            "custom_non_identity_deny_url": "",
            "custom_pages": null,
            "destinations": [],
            "domain": "*.krapulax.dev",
            "domain_type": null,
            "enable_binding_cookie": false,
            "footer_links": [],
            "header_bg_color": "",
            "http_only_cookie_attribute": false,
            "id": "76ce496d-3532-44b1-913d-58d41b8b5e9c",
            "landing_page_design": [],
            "logo_url": "",
            "name": "Media Stack Access",
            "options_preflight_bypass": false,
            "policies": null,
            "saas_app": [],
            "same_site_cookie_attribute": "",
            "scim_config": [],
            "self_hosted_domains": null,
            "service_auth_401_redirect": false,
            "session_duration": "24h",
            "skip_app_launcher_login_page": false,
            "skip_interstitial": false,
            "tags": null,
            "target_criteria": [],
            "type": "self_hosted",
            "zone_id": null
          },
          "sensitive_attributes": [
            [
              {
                "type": "get_attr",
                "value": "account_id"
              }
            ]
          ],
          "identity_schema_version": 0,
          "private": "bnVsbA=="
        }
      ]
    },
    {
      "mode": "managed",
      "type": "cloudflare_zero_trust_access_policy",
      "name": "media_policy",
      "provider": "provider[\"registry.terraform.io/cloudflare/cloudflare\"]",
      "instances": [
        {
          "schema_version": 0,
          "attributes": {
            "account_id": null,
            "application_id": "76ce496d-3532-44b1-913d-58d41b8b5e9c",
            "approval_group": [],
            "approval_required": false,
            "connection_rules": [],
            "decision": "allow",
            "exclude": [],
            "id": "98ec9ec0-889d-49db-b0c7-f800c922ad8a",
            "include": [
              {
                "any_valid_service_token": false,
                "auth_context": [],
                "auth_method": "",
                "azure": [],
                "certificate": false,
                "common_name": "",
                "common_names": null,
                "device_posture": null,
                "email": [
                  "emilfabrice@gmail.com",
                  "gabriellagungl@gmail.com",
                  "fabrice.semti@gmail.com",
                  "fabrice@fabricesemti.com"
                ],
                "email_domain": null,
                "email_list": null,
                "everyone": false,
                "external_evaluation": [],
                "geo": null,
                "github": [],
                "group": null,
                "gsuite": [],
                "ip": null,
                "ip_list": null,
                "login_method": null,
                "okta": [],
                "saml": [],
                "service_token": null
              }
            ],
            "isolation_required": false,
            "name": "Allow Team",
            "precedence": 1,
            "purpose_justification_prompt": "",
            "purpose_justification_required": false,
            "require": [],
            "session_duration": null,
            "zone_id": "40dcc32616278a009af79b33c7d3cf55"
          },
          "sensitive_attributes": [],
          "identity_schema_version": 0,
          "private": "bnVsbA==",
          "dependencies": [
            "cloudflare_zero_trust_access_application.media_app",
            "data.cloudflare_zone.media_zone"
          ]
        }
      ]
    },
    {
      "mode": "managed",
      "type": "cloudflare_zero_trust_tunnel_cloudflared",
      "name": "media_tunnel",
      "provider": "provider[\"registry.terraform.io/cloudflare/cloudflare\"]",
      "instances": [
        {
          "schema_version": 0,
          "attributes": {
            "account_id": "1443fe12026b33d56dcc26a9deed0667",
            "cname": "f94c1b35-c14a-4982-8ea4-95a6665cedb8.cfargotunnel.com",
            "config_src": null,
            "id": "f94c1b35-c14a-4982-8ea4-95a6665cedb8",
            "name": "krapulax_dev",
            "secret": "Ta17kTOlFW9EAQlGYALakraovVWjzgUvMUZ5DSBeRT0=",
            "tunnel_token": "eyJhIjoiMTQ0M2ZlMTIwMjZiMzNkNTZkY2MyNmE5ZGVlZDA2NjciLCJ0IjoiZjk0YzFiMzUtYzE0YS00OTgyLThlYTQtOTVhNjY2NWNlZGI4IiwicyI6IlRhMTdrVE9sRlc5RUFRbEdZQUxha3Jhb3ZWV2p6Z1V2TVVaNURTQmVSVDA9In0="
          },
          "sensitive_attributes": [
            [
              {
                "type": "get_attr",
                "value": "account_id"
              }
            ],
            [
              {
                "type": "get_attr",
                "value": "secret"
              }
            ],
            [
              {
                "type": "get_attr",
                "value": "tunnel_token"
              }
            ]
          ],
          "identity_schema_version": 0,
          "private": "bnVsbA==",
          "dependencies": [
            "random_password.tunnel_secret"
          ]
        }
      ]
    },
    {
      "mode": "managed",
      "type": "random_password",
      "name": "tunnel_secret",
      "provider": "provider[\"registry.terraform.io/hashicorp/random\"]",
      "instances": [
        {
          "schema_version": 3,
          "attributes": {
            "bcrypt_hash": "$2a$10$FpB.t6FN.uydTRqbJM5gvOvFtZ09F2AL0nWnAFTtEyLgskgPh/IjC",
            "id": "none",
            "keepers": null,
            "length": 32,
            "lower": true,
            "min_lower": 0,
            "min_numeric": 0,
            "min_special": 0,
            "min_upper": 0,
            "number": true,
            "numeric": true,
            "override_special": null,
            "result": ":zikL26m2ep@01\u003c2xP1Q-[\u003e\u003e5@Vj5tOc",
            "special": true,
            "upper": true
          },
          "sensitive_attributes": [
            [
              {
                "type": "get_attr",
                "value": "bcrypt_hash"
              }
            ],
            [
              {
                "type": "get_attr",
                "value": "result"
              }
            ]
          ],
          "identity_schema_version": 0
        }
      ]
    },
    {
      "module": "module.dkr_media_0",
      "mode": "managed",
      "type": "proxmox_virtual_environment_file",
      "name": "user_data",
      "provider": "provider[\"registry.terraform.io/bpg/proxmox\"]",
      "instances": []
    },
    {
      "module": "module.dkr_media_0",
      "mode": "managed",
      "type": "proxmox_virtual_environment_vm",
      "name": "vm",
      "provider": "provider[\"registry.terraform.io/bpg/proxmox\"]",
      "instances": [
        {
          "schema_version": 0,
          "attributes": {
            "acpi": true,
            "agent": [
              {
                "enabled": false,
                "timeout": "5m",
                "trim": true,
                "type": "virtio",
                "wait_for_ip": []
              }
            ],
            "amd_sev": [],
            "audio_device": [],
            "bios": "seabios",
            "boot_order": [
              "virtio0"
            ],
            "cdrom": [],
            "clone": [
              {
                "datastore_id": "",
                "full": true,
                "node_name": "",
                "retries": 1,
                "vm_id": 9008
              }
            ],
            "cpu": [
              {
                "affinity": "",
                "architecture": "",
                "cores": 4,
                "flags": [],
                "hotplugged": 0,
                "limit": 0,
                "numa": false,
                "sockets": 1,
                "type": "host",
                "units": 0
              }
            ],
            "delete_unreferenced_disks_on_destroy": true,
            "description": "Terraform Managed Docker Media VM",
            "disk": [
              {
                "aio": "io_uring",
                "backup": true,
                "cache": "none",
                "datastore_id": "ceph-proxmox-rbd",
                "discard": "ignore",
                "file_format": "raw",
                "file_id": "",
                "import_from": "",
                "interface": "virtio0",
                "iothread": true,
                "path_in_datastore": "vm-4030-disk-3",
                "replicate": true,
                "serial": "",
                "size": 32,
                "speed": [],
                "ssd": false
              }
            ],
            "efi_disk": [
              {
                "datastore_id": "ceph-proxmox-rbd",
                "file_format": "raw",
                "pre_enrolled_keys": false,
                "type": "2m"
              }
            ],
            "hook_script_file_id": null,
            "hostpci": [],
            "id": "4030",
            "initialization": [
              {
                "datastore_id": "ceph-proxmox-rbd",
                "dns": [
                  {
                    "domain": "",
                    "servers": [
                      "9.9.9.9",
                      "149.112.112.112"
                    ]
                  }
                ],
                "file_format": "",
                "interface": "ide2",
                "ip_config": [
                  {
                    "ipv4": [
                      {
                        "address": "10.0.40.30/24",
                        "gateway": "10.0.40.1"
                      }
                    ],
                    "ipv6": []
                  }
                ],
                "meta_data_file_id": "",
                "network_data_file_id": "",
                "type": "",
                "user_account": [
                  {
                    "keys": [
                      "ssh-rsa AAAAB3NzaC1yc2EAAAADAQABAAACAQCpjSKK4qiMx4vIOvX7PHBOOctpYQ/XQQKWinw+v8oIQoI3GWkdRTwZpXJ2QSor/10zk5TZphP6XpfXxJj3caPwZPnu/ZFci/Iy40T6O2PDUFBjzaBLoIRci4lkRgjyEITKt9K1gIiqO8CnrMNBQTYj8gt7pHa3jIv102M1JIVqq4IU6tDTnf6Nku20jQcvxQCuJT0AszLZwMsD8IMOPkOfztnYOeJTXKOvcT+Vff3+ORXtXbVXNvAhobiSdK1MH5dAMsDZs9QcAazJGMfp50BcBUiHCRUo2XRk+IjMt7Tj6EjI+IMy+QOQWvTM016X9xTiLrPEJMU2RatfeG9VvcCPeQxPCbQE7uuYvCa3SAeJ3CTSL6kTE/4gp4uIq/XZEgZZO/4vuWF+1cNRYhePyJm9tlIU1o5AHHL2I8FJUlQJAe/+gRd/irfzRGDhiYw3fa02nFXsPY4mlEjIdjAd7JYRv1D3X2LBS+62PjqRC3NoNLodfywd3pVsiO3l3QsQKMRGxbyA9jSelSORNftGNeIQJWgJXW0ws42aCYmdcarCpLIil5QfV3WSfXz+a+wd5y7OCW19+sl3j1RHJhIuttsAZQOIGisCfDgstxhY08yuqA2DcZCdNL50JJzN2AQyeVzGRNEhFFEELBdRMAOf7L61Qie3Y+s9aN0do0xDInOkYQ== fs@home",
                      "ssh-ed25519 AAAAC3NzaC1lZDI1NTE5AAAAIDZNMQ9ZBT1pxZCjNHGI9fE3MaFJPy8gOfOjrA+PclVk fs@Fabrices-MBP"
                    ],
                    "password": "**********",
                    "username": "fs"
                  }
                ],
                "user_data_file_id": "",
                "vendor_data_file_id": ""
              }
            ],
            "ipv4_addresses": [],
            "ipv6_addresses": [],
            "keyboard_layout": "en-us",
            "kvm_arguments": null,
            "mac_addresses": [
              "BC:24:11:62:1C:34"
            ],
            "machine": null,
            "memory": [
              {
                "dedicated": 16384,
                "floating": 0,
                "hugepages": "",
                "keep_hugepages": false,
                "shared": 0
              }
            ],
            "migrate": false,
            "name": "dkr-media-0",
            "network_device": [
              {
                "bridge": "vmbr0",
                "disconnected": false,
                "enabled": true,
                "firewall": false,
                "mac_address": "BC:24:11:62:1C:34",
                "model": "virtio",
                "mtu": 0,
                "queues": 0,
                "rate_limit": 0,
                "trunks": "",
                "vlan_id": 0
              }
            ],
            "network_interface_names": [],
            "node_name": "pve-1",
            "numa": [],
            "on_boot": true,
            "operating_system": [],
            "pool_id": "",
            "protection": false,
            "purge_on_destroy": true,
            "reboot": false,
            "reboot_after_update": false,
            "rng": [],
            "scsi_hardware": "virtio-scsi-pci",
            "serial_device": [],
            "smbios": [],
            "started": true,
            "startup": [],
            "stop_on_destroy": false,
            "tablet_device": true,
            "tags": [
              "debian13",
              "docker",
              "media",
              "terraform"
            ],
            "template": false,
            "timeout_clone": 1800,
            "timeout_create": 1800,
            "timeout_migrate": 1800,
            "timeout_move_disk": 1800,
            "timeout_reboot": 1800,
            "timeout_shutdown_vm": 1800,
            "timeout_start_vm": 1800,
            "timeout_stop_vm": 300,
            "tpm_state": [
              {
                "datastore_id": "ceph-proxmox-rbd",
                "version": "v2.0"
              }
            ],
            "usb": [],
            "vga": [
              {
                "clipboard": "",
                "memory": 16,
                "type": "serial0"
              }
            ],
            "virtiofs": [],
            "vm_id": 4030,
            "watchdog": []
          },
          "sensitive_attributes": [
            [
              {
                "type": "get_attr",
                "value": "initialization"
              },
              {
                "type": "index",
                "value": {
                  "value": 0,
                  "type": "number"
                }
              },
              {
                "type": "get_attr",
                "value": "user_account"
              },
              {
                "type": "index",
                "value": {
                  "value": 0,
                  "type": "number"
                }
              },
              {
                "type": "get_attr",
                "value": "password"
              }
            ]
          ],
          "identity_schema_version": 0,
          "private": "bnVsbA==",
          "dependencies": [
            "module.dkr_media_0.proxmox_virtual_environment_file.user_data"
          ]
        }
      ]
    }
  ],
  "check_results": null
}
