{
  "version": 4,
  "terraform_version": "1.14.3",
  "serial": 6,
  "lineage": "526f4fb7-97a2-370b-be7b-59c6f272b234",
  "outputs": {
    "dkr_media_0_vm_id": {
      "value": 4030,
      "type": "number"
    },
    "dkr_media_0_vm_ip": {
      "value": "10.0.40.30/24",
      "type": "string"
    }
  },
  "resources": [
    {
      "module": "module.dkr_media_0",
      "mode": "managed",
      "type": "proxmox_virtual_environment_vm",
      "name": "vm",
      "provider": "provider[\"registry.terraform.io/bpg/proxmox\"]",
      "instances": [
        {
          "schema_version": 0,
          "attributes": {
            "acpi": true,
            "agent": [
              {
                "enabled": false,
                "timeout": "5m",
                "trim": true,
                "type": "virtio",
                "wait_for_ip": []
              }
            ],
            "amd_sev": [],
            "audio_device": [],
            "bios": "seabios",
            "boot_order": [
              "virtio0"
            ],
            "cdrom": [],
            "clone": [
              {
                "datastore_id": "",
                "full": true,
                "node_name": "",
                "retries": 1,
                "vm_id": 9008
              }
            ],
            "cpu": [
              {
                "affinity": "",
                "architecture": "",
                "cores": 4,
                "flags": [],
                "hotplugged": 0,
                "limit": 0,
                "numa": false,
                "sockets": 1,
                "type": "host",
                "units": 0
              }
            ],
            "delete_unreferenced_disks_on_destroy": true,
            "description": "Terraform Managed Docker Media VM",
            "disk": [
              {
                "aio": "io_uring",
                "backup": true,
                "cache": "none",
                "datastore_id": "vm-storage",
                "discard": "ignore",
                "file_format": "raw",
                "file_id": "",
                "import_from": "",
                "interface": "virtio0",
                "iothread": true,
                "path_in_datastore": "vm-4030-disk-0",
                "replicate": true,
                "serial": "",
                "size": 32,
                "speed": [],
                "ssd": false
              }
            ],
            "efi_disk": [
              {
                "datastore_id": "vm-storage",
                "file_format": "raw",
                "pre_enrolled_keys": false,
                "type": "2m"
              }
            ],
            "hook_script_file_id": null,
            "hostpci": [],
            "id": "4030",
            "initialization": [
              {
                "datastore_id": "vm-storage",
                "dns": [
                  {
                    "domain": "",
                    "servers": [
                      "9.9.9.9",
                      "149.112.112.112"
                    ]
                  }
                ],
                "file_format": "",
                "interface": "ide2",
                "ip_config": [
                  {
                    "ipv4": [
                      {
                        "address": "10.0.40.30/24",
                        "gateway": "10.0.40.1"
                      }
                    ],
                    "ipv6": []
                  }
                ],
                "meta_data_file_id": "",
                "network_data_file_id": "",
                "type": "",
                "user_account": [
                  {
                    "keys": [
                      "ssh-rsa AAAAB3NzaC1yc2EAAAADAQABAAACAQCpjSKK4qiMx4vIOvX7PHBOOctpYQ/XQQKWinw+v8oIQoI3GWkdRTwZpXJ2QSor/10zk5TZphP6XpfXxJj3caPwZPnu/ZFci/Iy40T6O2PDUFBjzaBLoIRci4lkRgjyEITKt9K1gIiqO8CnrMNBQTYj8gt7pHa3jIv102M1JIVqq4IU6tDTnf6Nku20jQcvxQCuJT0AszLZwMsD8IMOPkOfztnYOeJTXKOvcT+Vff3+ORXtXbVXNvAhobiSdK1MH5dAMsDZs9QcAazJGMfp50BcBUiHCRUo2XRk+IjMt7Tj6EjI+IMy+QOQWvTM016X9xTiLrPEJMU2RatfeG9VvcCPeQxPCbQE7uuYvCa3SAeJ3CTSL6kTE/4gp4uIq/XZEgZZO/4vuWF+1cNRYhePyJm9tlIU1o5AHHL2I8FJUlQJAe/+gRd/irfzRGDhiYw3fa02nFXsPY4mlEjIdjAd7JYRv1D3X2LBS+62PjqRC3NoNLodfywd3pVsiO3l3QsQKMRGxbyA9jSelSORNftGNeIQJWgJXW0ws42aCYmdcarCpLIil5QfV3WSfXz+a+wd5y7OCW19+sl3j1RHJhIuttsAZQOIGisCfDgstxhY08yuqA2DcZCdNL50JJzN2AQyeVzGRNEhFFEELBdRMAOf7L61Qie3Y+s9aN0do0xDInOkYQ== fs@home",
                      "ssh-ed25519 AAAAC3NzaC1lZDI1NTE5AAAAIDZNMQ9ZBT1pxZCjNHGI9fE3MaFJPy8gOfOjrA+PclVk fs@Fabrices-MBP"
                    ],
                    "password": "**********",
                    "username": "fs"
                  }
                ],
                "user_data_file_id": "",
                "vendor_data_file_id": ""
              }
            ],
            "ipv4_addresses": [],
            "ipv6_addresses": [],
            "keyboard_layout": "en-us",
            "kvm_arguments": null,
            "mac_addresses": [
              "BC:24:11:62:1C:34"
            ],
            "machine": null,
            "memory": [
              {
                "dedicated": 16384,
                "floating": 0,
                "hugepages": "",
                "keep_hugepages": false,
                "shared": 0
              }
            ],
            "migrate": false,
            "name": "dkr-media-0",
            "network_device": [
              {
                "bridge": "vmbr0",
                "disconnected": false,
                "enabled": true,
                "firewall": false,
                "mac_address": "BC:24:11:62:1C:34",
                "model": "virtio",
                "mtu": 0,
                "queues": 0,
                "rate_limit": 0,
                "trunks": "",
                "vlan_id": 0
              }
            ],
            "network_interface_names": [],
            "node_name": "pve-2",
            "numa": [],
            "on_boot": true,
            "operating_system": [],
            "pool_id": "",
            "protection": false,
            "purge_on_destroy": true,
            "reboot": false,
            "reboot_after_update": false,
            "rng": [],
            "scsi_hardware": "virtio-scsi-pci",
            "serial_device": [],
            "smbios": [],
            "started": true,
            "startup": [],
            "stop_on_destroy": false,
            "tablet_device": true,
            "tags": [
              "debian13",
              "docker",
              "media",
              "terraform"
            ],
            "template": false,
            "timeout_clone": 1800,
            "timeout_create": 1800,
            "timeout_migrate": 1800,
            "timeout_move_disk": 1800,
            "timeout_reboot": 1800,
            "timeout_shutdown_vm": 1800,
            "timeout_start_vm": 1800,
            "timeout_stop_vm": 300,
            "tpm_state": [
              {
                "datastore_id": "vm-storage",
                "version": "v2.0"
              }
            ],
            "usb": [],
            "vga": [
              {
                "clipboard": "",
                "memory": 16,
                "type": "serial0"
              }
            ],
            "virtiofs": [],
            "vm_id": 4030,
            "watchdog": []
          },
          "sensitive_attributes": [
            [
              {
                "type": "get_attr",
                "value": "initialization"
              },
              {
                "type": "index",
                "value": {
                  "value": 0,
                  "type": "number"
                }
              },
              {
                "type": "get_attr",
                "value": "user_account"
              },
              {
                "type": "index",
                "value": {
                  "value": 0,
                  "type": "number"
                }
              },
              {
                "type": "get_attr",
                "value": "password"
              }
            ]
          ],
          "identity_schema_version": 0,
          "private": "bnVsbA==",
          "dependencies": [
            "module.dkr_media_0.proxmox_virtual_environment_file.user_data"
          ]
        }
      ]
    }
  ],
  "check_results": null
}
